
Microsoft Visual Studio Solution File, Format Version 12.00
# Visual Studio 15
VisualStudioVersion = 15.0.28010.2003
MinimumVisualStudioVersion = 10.0.40219.1
Project("{2150E333-8FDC-42A3-9474-1A3956D46DE8}") = "src", "src", "{617C4F05-3A82-4109-99FE-9336CCB3DF9F}"
EndProject
Project("{FAE04EC0-301F-11D3-BF4B-00C04F79EFBC}") = "ApplicationCore", "src\ApplicationCore\ApplicationCore.csproj", "{75230554-A08D-404F-BB81-6EFF9D2687A2}"
EndProject
Project("{FAE04EC0-301F-11D3-BF4B-00C04F79EFBC}") = "Infrastructure", "src\Infrastructure\Infrastructure.csproj", "{225188D5-431D-4EC7-8A0E-DB3489BC9F4F}"
EndProject
Project("{FAE04EC0-301F-11D3-BF4B-00C04F79EFBC}") = "Web", "src\Web\Web.csproj", "{6697936B-C281-4D0D-AE25-3399F254B68C}"
EndProject
Global
	GlobalSection(SolutionConfigurationPlatforms) = preSolution
		Debug|Any CPU = Debug|Any CPU
		Release|Any CPU = Release|Any CPU
	EndGlobalSection
	GlobalSection(ProjectConfigurationPlatforms) = postSolution
		{75230554-A08D-404F-BB81-6EFF9D2687A2}.Debug|Any CPU.ActiveCfg = Debug|Any CPU
		{75230554-A08D-404F-BB81-6EFF9D2687A2}.Debug|Any CPU.Build.0 = Debug|Any CPU
		{75230554-A08D-404F-BB81-6EFF9D2687A2}.Release|Any CPU.ActiveCfg = Release|Any CPU
		{75230554-A08D-404F-BB81-6EFF9D2687A2}.Release|Any CPU.Build.0 = Release|Any CPU
		{225188D5-431D-4EC7-8A0E-DB3489BC9F4F}.Debug|Any CPU.ActiveCfg = Debug|Any CPU
		{225188D5-431D-4EC7-8A0E-DB3489BC9F4F}.Debug|Any CPU.Build.0 = Debug|Any CPU
		{225188D5-431D-4EC7-8A0E-DB3489BC9F4F}.Release|Any CPU.ActiveCfg = Release|Any CPU
		{225188D5-431D-4EC7-8A0E-DB3489BC9F4F}.Release|Any CPU.Build.0 = Release|Any CPU
		{6697936B-C281-4D0D-AE25-3399F254B68C}.Debug|Any CPU.ActiveCfg = Debug|Any CPU
		{6697936B-C281-4D0D-AE25-3399F254B68C}.Debug|Any CPU.Build.0 = Debug|Any CPU
		{6697936B-C281-4D0D-AE25-3399F254B68C}.Release|Any CPU.ActiveCfg = Release|Any CPU
		{6697936B-C281-4D0D-AE25-3399F254B68C}.Release|Any CPU.Build.0 = Release|Any CPU
	EndGlobalSection
	GlobalSection(SolutionProperties) = preSolution
		HideSolutionNode = FALSE
	EndGlobalSection
	GlobalSection(NestedProjects) = preSolution
		{75230554-A08D-404F-BB81-6EFF9D2687A2} = {617C4F05-3A82-4109-99FE-9336CCB3DF9F}
		{225188D5-431D-4EC7-8A0E-DB3489BC9F4F} = {617C4F05-3A82-4109-99FE-9336CCB3DF9F}
		{6697936B-C281-4D0D-AE25-3399F254B68C} = {617C4F05-3A82-4109-99FE-9336CCB3DF9F}
	EndGlobalSection
	GlobalSection(ExtensibilityGlobals) = postSolution
		SolutionGuid = {82EB0709-D339-43A5-93B8-928426E9725F}
	EndGlobalSection
EndGlobal
